# This file is automatically @generated by Cargo.
# It is not intended for manual editing.
version = 4

[[package]]
name = "dpg-adapter"
version = "0.1.0"
dependencies = [
 "dpg-model",
]

[[package]]
name = "dpg-cli"
version = "0.1.0"
dependencies = [
 "dpg-adapter",
 "dpg-rules",
]

[[package]]
name = "dpg-model"
version = "0.1.0"

[[package]]
name = "dpg-rules"
version = "0.1.0"
dependencies = [
 "dpg-model",
]
